// !$*UTF8*$!
{
	archiveVersion = 1;
	classes = {
	};
	objectVersion = 50;
	objects = {

/* Begin PBXBuildFile section */
		6214918F2243CEF10000F0DE /* GameLogic.swift in Sources */ = {isa = PBXBuildFile; fileRef = 6214918E2243CEF10000F0DE /* GameLogic.swift */; };
		621491912243CF370000F0DE /* Card.swift in Sources */ = {isa = PBXBuildFile; fileRef = 621491902243CF370000F0DE /* Card.swift */; };
		621491932243DAC00000F0DE /* CardSprite.swift in Sources */ = {isa = PBXBuildFile; fileRef = 621491922243DAC00000F0DE /* CardSprite.swift */; };
		6295D534223BD61000E9AE81 /* Heroes Legend Hollow.ttf in Resources */ = {isa = PBXBuildFile; fileRef = 6295D533223BD61000E9AE81 /* Heroes Legend Hollow.ttf */; };
		6295D535223BD73600E9AE81 /* HeroesLegend.ttf in Resources */ = {isa = PBXBuildFile; fileRef = 6295D532223BD4A500E9AE81 /* HeroesLegend.ttf */; };
		6295D537223BD89500E9AE81 /* AboutScene.swift in Sources */ = {isa = PBXBuildFile; fileRef = 6295D536223BD89500E9AE81 /* AboutScene.swift */; };
		62E0322522296E290021BD63 /* AppDelegate.swift in Sources */ = {isa = PBXBuildFile; fileRef = 62E0322422296E290021BD63 /* AppDelegate.swift */; };
		62E0322722296E290021BD63 /* GameScene.sks in Resources */ = {isa = PBXBuildFile; fileRef = 62E0322622296E290021BD63 /* GameScene.sks */; };
		62E0322922296E2A0021BD63 /* Actions.sks in Resources */ = {isa = PBXBuildFile; fileRef = 62E0322822296E2A0021BD63 /* Actions.sks */; };
		62E0322B22296E2A0021BD63 /* GameScene.swift in Sources */ = {isa = PBXBuildFile; fileRef = 62E0322A22296E2A0021BD63 /* GameScene.swift */; };
		62E0322D22296E2A0021BD63 /* GameViewController.swift in Sources */ = {isa = PBXBuildFile; fileRef = 62E0322C22296E2A0021BD63 /* GameViewController.swift */; };
		62E0323022296E2A0021BD63 /* Main.storyboard in Resources */ = {isa = PBXBuildFile; fileRef = 62E0322E22296E2A0021BD63 /* Main.storyboard */; };
		62E0323222296E2D0021BD63 /* Assets.xcassets in Resources */ = {isa = PBXBuildFile; fileRef = 62E0323122296E2D0021BD63 /* Assets.xcassets */; };
		62E0323522296E2D0021BD63 /* LaunchScreen.storyboard in Resources */ = {isa = PBXBuildFile; fileRef = 62E0323322296E2D0021BD63 /* LaunchScreen.storyboard */; };
		62E4313522314A060007D61C /* MenuScene.swift in Sources */ = {isa = PBXBuildFile; fileRef = 62E4313422314A060007D61C /* MenuScene.swift */; };
		62E4313722314E590007D61C /* Button.swift in Sources */ = {isa = PBXBuildFile; fileRef = 62E4313622314E590007D61C /* Button.swift */; };
		99EC576243C3F1A9758DCE1D /* Pods_ProyectoiOSAdriaB.framework in Frameworks */ = {isa = PBXBuildFile; fileRef = 4AFBCBBB876315D9F512B666 /* Pods_ProyectoiOSAdriaB.framework */; };
		BC5380CC2271DD350021CD66 /* GoogleService-Info.plist in Resources */ = {isa = PBXBuildFile; fileRef = BC5380CB2271DD350021CD66 /* GoogleService-Info.plist */; };
		BC5380CE2271E1810021CD66 /* FirestoreRepository.swift in Sources */ = {isa = PBXBuildFile; fileRef = BC5380CD2271E1810021CD66 /* FirestoreRepository.swift */; };
/* End PBXBuildFile section */

/* Begin PBXFileReference section */
		0EEADD49F4E38B980BEF41F5 /* Pods-ProyectoiOSAdriaB.release.xcconfig */ = {isa = PBXFileReference; includeInIndex = 1; lastKnownFileType = text.xcconfig; name = "Pods-ProyectoiOSAdriaB.release.xcconfig"; path = "Target Support Files/Pods-ProyectoiOSAdriaB/Pods-ProyectoiOSAdriaB.release.xcconfig"; sourceTree = "<group>"; };
		4AFBCBBB876315D9F512B666 /* Pods_ProyectoiOSAdriaB.framework */ = {isa = PBXFileReference; explicitFileType = wrapper.framework; includeInIndex = 0; path = Pods_ProyectoiOSAdriaB.framework; sourceTree = BUILT_PRODUCTS_DIR; };
		4B2C42E9F9C617E0A9C9B96D /* Pods-ProyectoiOSAdriaB.debug.xcconfig */ = {isa = PBXFileReference; includeInIndex = 1; lastKnownFileType = text.xcconfig; name = "Pods-ProyectoiOSAdriaB.debug.xcconfig"; path = "Target Support Files/Pods-ProyectoiOSAdriaB/Pods-ProyectoiOSAdriaB.debug.xcconfig"; sourceTree = "<group>"; };
		6214918E2243CEF10000F0DE /* GameLogic.swift */ = {isa = PBXFileReference; lastKnownFileType = sourcecode.swift; path = GameLogic.swift; sourceTree = "<group>"; };
		621491902243CF370000F0DE /* Card.swift */ = {isa = PBXFileReference; lastKnownFileType = sourcecode.swift; path = Card.swift; sourceTree = "<group>"; };
		621491922243DAC00000F0DE /* CardSprite.swift */ = {isa = PBXFileReference; lastKnownFileType = sourcecode.swift; path = CardSprite.swift; sourceTree = "<group>"; };
		6295D532223BD4A500E9AE81 /* HeroesLegend.ttf */ = {isa = PBXFileReference; lastKnownFileType = file; path = HeroesLegend.ttf; sourceTree = "<group>"; };
		6295D533223BD61000E9AE81 /* Heroes Legend Hollow.ttf */ = {isa = PBXFileReference; lastKnownFileType = file; path = "Heroes Legend Hollow.ttf"; sourceTree = "<group>"; };
		6295D536223BD89500E9AE81 /* AboutScene.swift */ = {isa = PBXFileReference; lastKnownFileType = sourcecode.swift; path = AboutScene.swift; sourceTree = "<group>"; };
		62E0322122296E290021BD63 /* ProyectoiOSAdriaB.app */ = {isa = PBXFileReference; explicitFileType = wrapper.application; includeInIndex = 0; path = ProyectoiOSAdriaB.app; sourceTree = BUILT_PRODUCTS_DIR; };
		62E0322422296E290021BD63 /* AppDelegate.swift */ = {isa = PBXFileReference; lastKnownFileType = sourcecode.swift; path = AppDelegate.swift; sourceTree = "<group>"; };
		62E0322622296E290021BD63 /* GameScene.sks */ = {isa = PBXFileReference; lastKnownFileType = file.sks; path = GameScene.sks; sourceTree = "<group>"; };
		62E0322822296E2A0021BD63 /* Actions.sks */ = {isa = PBXFileReference; lastKnownFileType = file.sks; path = Actions.sks; sourceTree = "<group>"; };
		62E0322A22296E2A0021BD63 /* GameScene.swift */ = {isa = PBXFileReference; lastKnownFileType = sourcecode.swift; path = GameScene.swift; sourceTree = "<group>"; };
		62E0322C22296E2A0021BD63 /* GameViewController.swift */ = {isa = PBXFileReference; lastKnownFileType = sourcecode.swift; path = GameViewController.swift; sourceTree = "<group>"; };
		62E0322F22296E2A0021BD63 /* Base */ = {isa = PBXFileReference; lastKnownFileType = file.storyboard; name = Base; path = Base.lproj/Main.storyboard; sourceTree = "<group>"; };
		62E0323122296E2D0021BD63 /* Assets.xcassets */ = {isa = PBXFileReference; lastKnownFileType = folder.assetcatalog; path = Assets.xcassets; sourceTree = "<group>"; };
		62E0323422296E2D0021BD63 /* Base */ = {isa = PBXFileReference; lastKnownFileType = file.storyboard; name = Base; path = Base.lproj/LaunchScreen.storyboard; sourceTree = "<group>"; };
		62E0323622296E2D0021BD63 /* Info.plist */ = {isa = PBXFileReference; lastKnownFileType = text.plist.xml; path = Info.plist; sourceTree = "<group>"; };
		62E4313422314A060007D61C /* MenuScene.swift */ = {isa = PBXFileReference; lastKnownFileType = sourcecode.swift; path = MenuScene.swift; sourceTree = "<group>"; };
		62E4313622314E590007D61C /* Button.swift */ = {isa = PBXFileReference; lastKnownFileType = sourcecode.swift; path = Button.swift; sourceTree = "<group>"; };
		BC5380CB2271DD350021CD66 /* GoogleService-Info.plist */ = {isa = PBXFileReference; fileEncoding = 4; lastKnownFileType = text.plist.xml; path = "GoogleService-Info.plist"; sourceTree = "<group>"; };
		BC5380CD2271E1810021CD66 /* FirestoreRepository.swift */ = {isa = PBXFileReference; lastKnownFileType = sourcecode.swift; path = FirestoreRepository.swift; sourceTree = "<group>"; };
/* End PBXFileReference section */

/* Begin PBXFrameworksBuildPhase section */
		62E0321E22296E290021BD63 /* Frameworks */ = {
			isa = PBXFrameworksBuildPhase;
			buildActionMask = 2147483647;
			files = (
				99EC576243C3F1A9758DCE1D /* Pods_ProyectoiOSAdriaB.framework in Frameworks */,
			);
			runOnlyForDeploymentPostprocessing = 0;
		};
/* End PBXFrameworksBuildPhase section */

/* Begin PBXGroup section */
		33EEC9061C8669189473FF97 /* Pods */ = {
			isa = PBXGroup;
			children = (
				4B2C42E9F9C617E0A9C9B96D /* Pods-ProyectoiOSAdriaB.debug.xcconfig */,
				0EEADD49F4E38B980BEF41F5 /* Pods-ProyectoiOSAdriaB.release.xcconfig */,
			);
			path = Pods;
			sourceTree = "<group>";
		};
		5043F939AD3FD8D53A34CBA0 /* Frameworks */ = {
			isa = PBXGroup;
			children = (
				4AFBCBBB876315D9F512B666 /* Pods_ProyectoiOSAdriaB.framework */,
			);
			name = Frameworks;
			sourceTree = "<group>";
		};
		62E0321822296E290021BD63 = {
			isa = PBXGroup;
			children = (
				6295D533223BD61000E9AE81 /* Heroes Legend Hollow.ttf */,
				62E0322322296E290021BD63 /* ProyectoiOSAdriaB */,
				62E0322222296E290021BD63 /* Products */,
				33EEC9061C8669189473FF97 /* Pods */,
				5043F939AD3FD8D53A34CBA0 /* Frameworks */,
			);
			sourceTree = "<group>";
		};
		62E0322222296E290021BD63 /* Products */ = {
			isa = PBXGroup;
			children = (
				62E0322122296E290021BD63 /* ProyectoiOSAdriaB.app */,
			);
			name = Products;
			sourceTree = "<group>";
		};
		62E0322322296E290021BD63 /* ProyectoiOSAdriaB */ = {
			isa = PBXGroup;
			children = (
				BC5380CB2271DD350021CD66 /* GoogleService-Info.plist */,
				6295D532223BD4A500E9AE81 /* HeroesLegend.ttf */,
				62E0322422296E290021BD63 /* AppDelegate.swift */,
				62E0322622296E290021BD63 /* GameScene.sks */,
				62E0322822296E2A0021BD63 /* Actions.sks */,
				62E0322C22296E2A0021BD63 /* GameViewController.swift */,
				62E0322E22296E2A0021BD63 /* Main.storyboard */,
				62E0323122296E2D0021BD63 /* Assets.xcassets */,
				62E0323322296E2D0021BD63 /* LaunchScreen.storyboard */,
				62E0323622296E2D0021BD63 /* Info.plist */,
				62E4313422314A060007D61C /* MenuScene.swift */,
				62E4313622314E590007D61C /* Button.swift */,
				62E0322A22296E2A0021BD63 /* GameScene.swift */,
				6295D536223BD89500E9AE81 /* AboutScene.swift */,
				6214918E2243CEF10000F0DE /* GameLogic.swift */,
				621491902243CF370000F0DE /* Card.swift */,
				621491922243DAC00000F0DE /* CardSprite.swift */,
				BC5380CD2271E1810021CD66 /* FirestoreRepository.swift */,
			);
			path = ProyectoiOSAdriaB;
			sourceTree = "<group>";
		};
/* End PBXGroup section */

/* Begin PBXNativeTarget section */
		62E0322022296E290021BD63 /* ProyectoiOSAdriaB */ = {
			isa = PBXNativeTarget;
			buildConfigurationList = 62E0323922296E2D0021BD63 /* Build configuration list for PBXNativeTarget "ProyectoiOSAdriaB" */;
			buildPhases = (
				F1F77AE23797500468F1A72D /* [CP] Check Pods Manifest.lock */,
				62E0321D22296E290021BD63 /* Sources */,
				62E0321E22296E290021BD63 /* Frameworks */,
				62E0321F22296E290021BD63 /* Resources */,
				9C35CFB1BC912264734915B2 /* [CP] Embed Pods Frameworks */,
			);
			buildRules = (
			);
			dependencies = (
			);
			name = ProyectoiOSAdriaB;
			productName = ProyectoiOSAdriaB;
			productReference = 62E0322122296E290021BD63 /* ProyectoiOSAdriaB.app */;
			productType = "com.apple.product-type.application";
		};
/* End PBXNativeTarget section */

/* Begin PBXProject section */
		62E0321922296E290021BD63 /* Project object */ = {
			isa = PBXProject;
			attributes = {
				LastSwiftUpdateCheck = 1010;
				LastUpgradeCheck = 1010;
				ORGANIZATIONNAME = "Adrià Biarnés Belso";
				TargetAttributes = {
					62E0322022296E290021BD63 = {
						CreatedOnToolsVersion = 10.1;
					};
				};
			};
			buildConfigurationList = 62E0321C22296E290021BD63 /* Build configuration list for PBXProject "ProyectoiOSAdriaB" */;
			compatibilityVersion = "Xcode 9.3";
			developmentRegion = en;
			hasScannedForEncodings = 0;
			knownRegions = (
				en,
				Base,
			);
			mainGroup = 62E0321822296E290021BD63;
			productRefGroup = 62E0322222296E290021BD63 /* Products */;
			projectDirPath = "";
			projectRoot = "";
			targets = (
				62E0322022296E290021BD63 /* ProyectoiOSAdriaB */,
			);
		};
/* End PBXProject section */

/* Begin PBXResourcesBuildPhase section */
		62E0321F22296E290021BD63 /* Resources */ = {
			isa = PBXResourcesBuildPhase;
			buildActionMask = 2147483647;
			files = (
				6295D534223BD61000E9AE81 /* Heroes Legend Hollow.ttf in Resources */,
				BC5380CC2271DD350021CD66 /* GoogleService-Info.plist in Resources */,
				62E0323022296E2A0021BD63 /* Main.storyboard in Resources */,
				6295D535223BD73600E9AE81 /* HeroesLegend.ttf in Resources */,
				62E0322722296E290021BD63 /* GameScene.sks in Resources */,
				62E0323222296E2D0021BD63 /* Assets.xcassets in Resources */,
				62E0323522296E2D0021BD63 /* LaunchScreen.storyboard in Resources */,
				62E0322922296E2A0021BD63 /* Actions.sks in Resources */,
			);
			runOnlyForDeploymentPostprocessing = 0;
		};
/* End PBXResourcesBuildPhase section */

/* Begin PBXShellScriptBuildPhase section */
		9C35CFB1BC912264734915B2 /* [CP] Embed Pods Frameworks */ = {
			isa = PBXShellScriptBuildPhase;
			buildActionMask = 2147483647;
			files = (
			);
			inputFileListPaths = (
			);
			inputPaths = (
				"${PODS_ROOT}/Target Support Files/Pods-ProyectoiOSAdriaB/Pods-ProyectoiOSAdriaB-frameworks.sh",
				"${BUILT_PRODUCTS_DIR}/BoringSSL-GRPC/openssl_grpc.framework",
				"${BUILT_PRODUCTS_DIR}/GoogleUtilities/GoogleUtilities.framework",
				"${BUILT_PRODUCTS_DIR}/Protobuf/Protobuf.framework",
				"${BUILT_PRODUCTS_DIR}/gRPC-C++/grpcpp.framework",
				"${BUILT_PRODUCTS_DIR}/gRPC-Core/grpc.framework",
				"${BUILT_PRODUCTS_DIR}/leveldb-library/leveldb.framework",
				"${BUILT_PRODUCTS_DIR}/nanopb/nanopb.framework",
			);
			name = "[CP] Embed Pods Frameworks";
			outputFileListPaths = (
			);
			outputPaths = (
				"${TARGET_BUILD_DIR}/${FRAMEWORKS_FOLDER_PATH}/openssl_grpc.framework",
				"${TARGET_BUILD_DIR}/${FRAMEWORKS_FOLDER_PATH}/GoogleUtilities.framework",
				"${TARGET_BUILD_DIR}/${FRAMEWORKS_FOLDER_PATH}/Protobuf.framework",
				"${TARGET_BUILD_DIR}/${FRAMEWORKS_FOLDER_PATH}/grpcpp.framework",
				"${TARGET_BUILD_DIR}/${FRAMEWORKS_FOLDER_PATH}/grpc.framework",
				"${TARGET_BUILD_DIR}/${FRAMEWORKS_FOLDER_PATH}/leveldb.framework",
				"${TARGET_BUILD_DIR}/${FRAMEWORKS_FOLDER_PATH}/nanopb.framework",
			);
			runOnlyForDeploymentPostprocessing = 0;
			shellPath = /bin/sh;
			shellScript = "\"${PODS_ROOT}/Target Support Files/Pods-ProyectoiOSAdriaB/Pods-ProyectoiOSAdriaB-frameworks.sh\"\n";
			showEnvVarsInLog = 0;
		};
		F1F77AE23797500468F1A72D /* [CP] Check Pods Manifest.lock */ = {
			isa = PBXShellScriptBuildPhase;
			buildActionMask = 2147483647;
			files = (
			);
			inputFileListPaths = (
			);
			inputPaths = (
				"${PODS_PODFILE_DIR_PATH}/Podfile.lock",
				"${PODS_ROOT}/Manifest.lock",
			);
			name = "[CP] Check Pods Manifest.lock";
			outputFileListPaths = (
			);
			outputPaths = (
				"$(DERIVED_FILE_DIR)/Pods-ProyectoiOSAdriaB-checkManifestLockResult.txt",
			);
			runOnlyForDeploymentPostprocessing = 0;
			shellPath = /bin/sh;
			shellScript = "diff \"${PODS_PODFILE_DIR_PATH}/Podfile.lock\" \"${PODS_ROOT}/Manifest.lock\" > /dev/null\nif [ $? != 0 ] ; then\n    # print error to STDERR\n    echo \"error: The sandbox is not in sync with the Podfile.lock. Run 'pod install' or update your CocoaPods installation.\" >&2\n    exit 1\nfi\n# This output is used by Xcode 'outputs' to avoid re-running this script phase.\necho \"SUCCESS\" > \"${SCRIPT_OUTPUT_FILE_0}\"\n";
			showEnvVarsInLog = 0;
		};
/* End PBXShellScriptBuildPhase section */

/* Begin PBXSourcesBuildPhase section */
		62E0321D22296E290021BD63 /* Sources */ = {
			isa = PBXSourcesBuildPhase;
			buildActionMask = 2147483647;
			files = (
				62E4313722314E590007D61C /* Button.swift in Sources */,
				62E0322B22296E2A0021BD63 /* GameScene.swift in Sources */,
				6295D537223BD89500E9AE81 /* AboutScene.swift in Sources */,
				621491932243DAC00000F0DE /* CardSprite.swift in Sources */,
				62E4313522314A060007D61C /* MenuScene.swift in Sources */,
				BC5380CE2271E1810021CD66 /* FirestoreRepository.swift in Sources */,
				62E0322D22296E2A0021BD63 /* GameViewController.swift in Sources */,
				62E0322522296E290021BD63 /* AppDelegate.swift in Sources */,
				6214918F2243CEF10000F0DE /* GameLogic.swift in Sources */,
				621491912243CF370000F0DE /* Card.swift in Sources */,
			);
			runOnlyForDeploymentPostprocessing = 0;
		};
/* End PBXSourcesBuildPhase section */

/* Begin PBXVariantGroup section */
		62E0322E22296E2A0021BD63 /* Main.storyboard */ = {
			isa = PBXVariantGroup;
			children = (
				62E0322F22296E2A0021BD63 /* Base */,
			);
			name = Main.storyboard;
			sourceTree = "<group>";
		};
		62E0323322296E2D0021BD63 /* LaunchScreen.storyboard */ = {
			isa = PBXVariantGroup;
			children = (
				62E0323422296E2D0021BD63 /* Base */,
			);
			name = LaunchScreen.storyboard;
			sourceTree = "<group>";
		};
/* End PBXVariantGroup section */

/* Begin XCBuildConfiguration section */
		62E0323722296E2D0021BD63 /* Debug */ = {
			isa = XCBuildConfiguration;
			buildSettings = {
				ALWAYS_SEARCH_USER_PATHS = NO;
				CLANG_ANALYZER_NONNULL = YES;
				CLANG_ANALYZER_NUMBER_OBJECT_CONVERSION = YES_AGGRESSIVE;
				CLANG_CXX_LANGUAGE_STANDARD = "gnu++14";
				CLANG_CXX_LIBRARY = "libc++";
				CLANG_ENABLE_MODULES = YES;
				CLANG_ENABLE_OBJC_ARC = YES;
				CLANG_ENABLE_OBJC_WEAK = YES;
				CLANG_WARN_BLOCK_CAPTURE_AUTORELEASING = YES;
				CLANG_WARN_BOOL_CONVERSION = YES;
				CLANG_WARN_COMMA = YES;
				CLANG_WARN_CONSTANT_CONVERSION = YES;
				CLANG_WARN_DEPRECATED_OBJC_IMPLEMENTATIONS = YES;
				CLANG_WARN_DIRECT_OBJC_ISA_USAGE = YES_ERROR;
				CLANG_WARN_DOCUMENTATION_COMMENTS = YES;
				CLANG_WARN_EMPTY_BODY = YES;
				CLANG_WARN_ENUM_CONVERSION = YES;
				CLANG_WARN_INFINITE_RECURSION = YES;
				CLANG_WARN_INT_CONVERSION = YES;
				CLANG_WARN_NON_LITERAL_NULL_CONVERSION = YES;
				CLANG_WARN_OBJC_IMPLICIT_RETAIN_SELF = YES;
				CLANG_WARN_OBJC_LITERAL_CONVERSION = YES;
				CLANG_WARN_OBJC_ROOT_CLASS = YES_ERROR;
				CLANG_WARN_RANGE_LOOP_ANALYSIS = YES;
				CLANG_WARN_STRICT_PROTOTYPES = YES;
				CLANG_WARN_SUSPICIOUS_MOVE = YES;
				CLANG_WARN_UNGUARDED_AVAILABILITY = YES_AGGRESSIVE;
				CLANG_WARN_UNREACHABLE_CODE = YES;
				CLANG_WARN__DUPLICATE_METHOD_MATCH = YES;
				CODE_SIGN_IDENTITY = "iPhone Developer";
				COPY_PHASE_STRIP = NO;
				DEBUG_INFORMATION_FORMAT = dwarf;
				ENABLE_STRICT_OBJC_MSGSEND = YES;
				ENABLE_TESTABILITY = YES;
				GCC_C_LANGUAGE_STANDARD = gnu11;
				GCC_DYNAMIC_NO_PIC = NO;
				GCC_NO_COMMON_BLOCKS = YES;
				GCC_OPTIMIZATION_LEVEL = 0;
				GCC_PREPROCESSOR_DEFINITIONS = (
					"DEBUG=1",
					"$(inherited)",
				);
				GCC_WARN_64_TO_32_BIT_CONVERSION = YES;
				GCC_WARN_ABOUT_RETURN_TYPE = YES_ERROR;
				GCC_WARN_UNDECLARED_SELECTOR = YES;
				GCC_WARN_UNINITIALIZED_AUTOS = YES_AGGRESSIVE;
				GCC_WARN_UNUSED_FUNCTION = YES;
				GCC_WARN_UNUSED_VARIABLE = YES;
				IPHONEOS_DEPLOYMENT_TARGET = 12.1;
				MTL_ENABLE_DEBUG_INFO = INCLUDE_SOURCE;
				MTL_FAST_MATH = YES;
				ONLY_ACTIVE_ARCH = YES;
				SDKROOT = iphoneos;
				SWIFT_ACTIVE_COMPILATION_CONDITIONS = DEBUG;
				SWIFT_OPTIMIZATION_LEVEL = "-Onone";
			};
			name = Debug;
		};
		62E0323822296E2D0021BD63 /* Release */ = {
			isa = XCBuildConfiguration;
			buildSettings = {
				ALWAYS_SEARCH_USER_PATHS = NO;
				CLANG_ANALYZER_NONNULL = YES;
				CLANG_ANALYZER_NUMBER_OBJECT_CONVERSION = YES_AGGRESSIVE;
				CLANG_CXX_LANGUAGE_STANDARD = "gnu++14";
				CLANG_CXX_LIBRARY = "libc++";
				CLANG_ENABLE_MODULES = YES;
				CLANG_ENABLE_OBJC_ARC = YES;
				CLANG_ENABLE_OBJC_WEAK = YES;
				CLANG_WARN_BLOCK_CAPTURE_AUTORELEASING = YES;
				CLANG_WARN_BOOL_CONVERSION = YES;
				CLANG_WARN_COMMA = YES;
				CLANG_WARN_CONSTANT_CONVERSION = YES;
				CLANG_WARN_DEPRECATED_OBJC_IMPLEMENTATIONS = YES;
				CLANG_WARN_DIRECT_OBJC_ISA_USAGE = YES_ERROR;
				CLANG_WARN_DOCUMENTATION_COMMENTS = YES;
				CLANG_WARN_EMPTY_BODY = YES;
				CLANG_WARN_ENUM_CONVERSION = YES;
				CLANG_WARN_INFINITE_RECURSION = YES;
				CLANG_WARN_INT_CONVERSION = YES;
				CLANG_WARN_NON_LITERAL_NULL_CONVERSION = YES;
				CLANG_WARN_OBJC_IMPLICIT_RETAIN_SELF = YES;
				CLANG_WARN_OBJC_LITERAL_CONVERSION = YES;
				CLANG_WARN_OBJC_ROOT_CLASS = YES_ERROR;
				CLANG_WARN_RANGE_LOOP_ANALYSIS = YES;
				CLANG_WARN_STRICT_PROTOTYPES = YES;
				CLANG_WARN_SUSPICIOUS_MOVE = YES;
				CLANG_WARN_UNGUARDED_AVAILABILITY = YES_AGGRESSIVE;
				CLANG_WARN_UNREACHABLE_CODE = YES;
				CLANG_WARN__DUPLICATE_METHOD_MATCH = YES;
				CODE_SIGN_IDENTITY = "iPhone Developer";
				COPY_PHASE_STRIP = NO;
				DEBUG_INFORMATION_FORMAT = "dwarf-with-dsym";
				ENABLE_NS_ASSERTIONS = NO;
				ENABLE_STRICT_OBJC_MSGSEND = YES;
				GCC_C_LANGUAGE_STANDARD = gnu11;
				GCC_NO_COMMON_BLOCKS = YES;
				GCC_WARN_64_TO_32_BIT_CONVERSION = YES;
				GCC_WARN_ABOUT_RETURN_TYPE = YES_ERROR;
				GCC_WARN_UNDECLARED_SELECTOR = YES;
				GCC_WARN_UNINITIALIZED_AUTOS = YES_AGGRESSIVE;
				GCC_WARN_UNUSED_FUNCTION = YES;
				GCC_WARN_UNUSED_VARIABLE = YES;
				IPHONEOS_DEPLOYMENT_TARGET = 12.1;
				MTL_ENABLE_DEBUG_INFO = NO;
				MTL_FAST_MATH = YES;
				SDKROOT = iphoneos;
				SWIFT_COMPILATION_MODE = wholemodule;
				SWIFT_OPTIMIZATION_LEVEL = "-O";
				VALIDATE_PRODUCT = YES;
			};
			name = Release;
		};
		62E0323A22296E2D0021BD63 /* Debug */ = {
			isa = XCBuildConfiguration;
			baseConfigurationReference = 4B2C42E9F9C617E0A9C9B96D /* Pods-ProyectoiOSAdriaB.debug.xcconfig */;
			buildSettings = {
				ASSETCATALOG_COMPILER_APPICON_NAME = AppIcon;
				CODE_SIGN_STYLE = Automatic;
				INFOPLIST_FILE = ProyectoiOSAdriaB/Info.plist;
				LD_RUNPATH_SEARCH_PATHS = (
					"$(inherited)",
					"@executable_path/Frameworks",
				);
				PRODUCT_BUNDLE_IDENTIFIER = adriaB.ProyectoiOSAdriaB;
				PRODUCT_NAME = "$(TARGET_NAME)";
				SWIFT_VERSION = 4.2;
				TARGETED_DEVICE_FAMILY = "1,2";
			};
			name = Debug;
		};
		62E0323B22296E2D0021BD63 /* Release */ = {
			isa = XCBuildConfiguration;
			baseConfigurationReference = 0EEADD49F4E38B980BEF41F5 /* Pods-ProyectoiOSAdriaB.release.xcconfig */;
			buildSettings = {
				ASSETCATALOG_COMPILER_APPICON_NAME = AppIcon;
				CODE_SIGN_STYLE = Automatic;
				INFOPLIST_FILE = ProyectoiOSAdriaB/Info.plist;
				LD_RUNPATH_SEARCH_PATHS = (
					"$(inherited)",
					"@executable_path/Frameworks",
				);
				PRODUCT_BUNDLE_IDENTIFIER = adriaB.ProyectoiOSAdriaB;
				PRODUCT_NAME = "$(TARGET_NAME)";
				SWIFT_VERSION = 4.2;
				TARGETED_DEVICE_FAMILY = "1,2";
			};
			name = Release;
		};
/* End XCBuildConfiguration section */

/* Begin XCConfigurationList section */
		62E0321C22296E290021BD63 /* Build configuration list for PBXProject "ProyectoiOSAdriaB" */ = {
			isa = XCConfigurationList;
			buildConfigurations = (
				62E0323722296E2D0021BD63 /* Debug */,
				62E0323822296E2D0021BD63 /* Release */,
			);
			defaultConfigurationIsVisible = 0;
			defaultConfigurationName = Release;
		};
		62E0323922296E2D0021BD63 /* Build configuration list for PBXNativeTarget "ProyectoiOSAdriaB" */ = {
			isa = XCConfigurationList;
			buildConfigurations = (
				62E0323A22296E2D0021BD63 /* Debug */,
				62E0323B22296E2D0021BD63 /* Release */,
			);
			defaultConfigurationIsVisible = 0;
			defaultConfigurationName = Release;
		};
/* End XCConfigurationList section */
	};
	rootObject = 62E0321922296E290021BD63 /* Project object */;
}
